
Microsoft Visual Studio Solution File, Format Version 12.00
Project("{FAE04EC0-301F-11D3-BF4B-00C04F79EFBC}") = "SeoHelper", "src\SeoHelper\SeoHelper.csproj", "{D5F32286-0F26-4BA9-8685-9F5397E1126D}"
EndProject
Project("{FAE04EC0-301F-11D3-BF4B-00C04F79EFBC}") = "SeoHelper.Demo", "samples\SeoHelper.Demo\SeoHelper.Demo.csproj", "{87BB59DD-7775-48C0-B4AB-43B88594535F}"
EndProject
Global
	GlobalSection(SolutionConfigurationPlatforms) = preSolution
		Debug|Any CPU = Debug|Any CPU
		Release|Any CPU = Release|Any CPU
	EndGlobalSection
	GlobalSection(ProjectConfigurationPlatforms) = postSolution
		{D5F32286-0F26-4BA9-8685-9F5397E1126D}.Debug|Any CPU.ActiveCfg = Debug|Any CPU
		{D5F32286-0F26-4BA9-8685-9F5397E1126D}.Debug|Any CPU.Build.0 = Debug|Any CPU
		{D5F32286-0F26-4BA9-8685-9F5397E1126D}.Release|Any CPU.ActiveCfg = Release|Any CPU
		{D5F32286-0F26-4BA9-8685-9F5397E1126D}.Release|Any CPU.Build.0 = Release|Any CPU
		{87BB59DD-7775-48C0-B4AB-43B88594535F}.Debug|Any CPU.ActiveCfg = Debug|Any CPU
		{87BB59DD-7775-48C0-B4AB-43B88594535F}.Debug|Any CPU.Build.0 = Debug|Any CPU
		{87BB59DD-7775-48C0-B4AB-43B88594535F}.Release|Any CPU.ActiveCfg = Release|Any CPU
		{87BB59DD-7775-48C0-B4AB-43B88594535F}.Release|Any CPU.Build.0 = Release|Any CPU
	EndGlobalSection
EndGlobal
